// !$*UTF8*$!
{
	archiveVersion = 1;
	classes = {
	};
	objectVersion = 46;
	objects = {

/* Begin PBXBuildFile section */
		BE0514631EBC30D2005A90B5 /* NSObject+Common.m in Sources */ = {isa = PBXBuildFile; fileRef = BE05145D1EBC30D2005A90B5 /* NSObject+Common.m */; };
		BE0514641EBC30D2005A90B5 /* NSString+PJR.m in Sources */ = {isa = PBXBuildFile; fileRef = BE05145F1EBC30D2005A90B5 /* NSString+PJR.m */; };
		BE0514651EBC30D2005A90B5 /* NSString+QRCode.m in Sources */ = {isa = PBXBuildFile; fileRef = BE0514611EBC30D2005A90B5 /* NSString+QRCode.m */; };
		BE05146B1EBC3309005A90B5 /* AppDelegate+Category.m in Sources */ = {isa = PBXBuildFile; fileRef = BE05146A1EBC3309005A90B5 /* AppDelegate+Category.m */; };
		BE106B7C1F4AC6F800562C69 /* SongListViewController.m in Sources */ = {isa = PBXBuildFile; fileRef = BE106B7B1F4AC6F800562C69 /* SongListViewController.m */; };
		BE106B7E1F4AC93000562C69 /* MyKSong.xib in Resources */ = {isa = PBXBuildFile; fileRef = BE106B7D1F4AC93000562C69 /* MyKSong.xib */; };
		BE106B801F4ACD1800562C69 /* KSongCategory.xib in Resources */ = {isa = PBXBuildFile; fileRef = BE106B7F1F4ACD1800562C69 /* KSongCategory.xib */; };
		BE106B821F4AD0A400562C69 /* KSongSectionHeader.xib in Resources */ = {isa = PBXBuildFile; fileRef = BE106B811F4AD0A400562C69 /* KSongSectionHeader.xib */; };
		BE106B861F4AD1D600562C69 /* TopAdCell.m in Sources */ = {isa = PBXBuildFile; fileRef = BE106B841F4AD1D600562C69 /* TopAdCell.m */; };
		BE106B871F4AD1D600562C69 /* TopAdCell.xib in Resources */ = {isa = PBXBuildFile; fileRef = BE106B851F4AD1D600562C69 /* TopAdCell.xib */; };
		BE106B8E1F4AD2B900562C69 /* SingNumberCell.m in Sources */ = {isa = PBXBuildFile; fileRef = BE106B8C1F4AD2B900562C69 /* SingNumberCell.m */; };
		BE106B8F1F4AD2B900562C69 /* SingNumberCell.xib in Resources */ = {isa = PBXBuildFile; fileRef = BE106B8D1F4AD2B900562C69 /* SingNumberCell.xib */; };
		BE106B921F4AD63800562C69 /* KSongViewController.m in Sources */ = {isa = PBXBuildFile; fileRef = BE106B911F4AD63800562C69 /* KSongViewController.m */; };
		BE76E18A1F442C9F00E28B17 /* MusicMenuViewController.m in Sources */ = {isa = PBXBuildFile; fileRef = BE76E1891F442C9F00E28B17 /* MusicMenuViewController.m */; };
		BE76E19B1F442E6900E28B17 /* TopMenuViewController.m in Sources */ = {isa = PBXBuildFile; fileRef = BE76E19A1F442E6900E28B17 /* TopMenuViewController.m */; };
		BE76E19E1F442E8100E28B17 /* TopNavigationController.m in Sources */ = {isa = PBXBuildFile; fileRef = BE76E19D1F442E8100E28B17 /* TopNavigationController.m */; };
		BE76E1A11F442E9100E28B17 /* MainViewController.m in Sources */ = {isa = PBXBuildFile; fileRef = BE76E1A01F442E9100E28B17 /* MainViewController.m */; };
		BE76E1AB1F4442F100E28B17 /* ChartsCell.m in Sources */ = {isa = PBXBuildFile; fileRef = BE76E1AA1F4442F100E28B17 /* ChartsCell.m */; };
		BE76E1AE1F444C7F00E28B17 /* ChartsViewController.m in Sources */ = {isa = PBXBuildFile; fileRef = BE76E1AD1F444C7F00E28B17 /* ChartsViewController.m */; };
		BE76E1B11F453A3200E28B17 /* ChartsDetailCell.m in Sources */ = {isa = PBXBuildFile; fileRef = BE76E1B01F453A3200E28B17 /* ChartsDetailCell.m */; };
		BE76E1B41F45462900E28B17 /* ChartsDetailViewController.m in Sources */ = {isa = PBXBuildFile; fileRef = BE76E1B31F45462900E28B17 /* ChartsDetailViewController.m */; };
		BE76E1B71F4593E000E28B17 /* NormalSectionHeaderView.m in Sources */ = {isa = PBXBuildFile; fileRef = BE76E1B61F4593E000E28B17 /* NormalSectionHeaderView.m */; };
		BE76E1BA1F4593F600E28B17 /* KingSectionHeaderView.m in Sources */ = {isa = PBXBuildFile; fileRef = BE76E1B91F4593F600E28B17 /* KingSectionHeaderView.m */; };
		BE76E1BD1F46C20400E28B17 /* SongListCell.m in Sources */ = {isa = PBXBuildFile; fileRef = BE76E1BC1F46C20400E28B17 /* SongListCell.m */; };
		BE76E1C01F46C8D200E28B17 /* SongListLayout.m in Sources */ = {isa = PBXBuildFile; fileRef = BE76E1BF1F46C8D200E28B17 /* SongListLayout.m */; };
		BEB37D9F1EA760C200FE155F /* main.m in Sources */ = {isa = PBXBuildFile; fileRef = BEB37D9E1EA760C200FE155F /* main.m */; };
		BEB37DA21EA760C200FE155F /* AppDelegate.m in Sources */ = {isa = PBXBuildFile; fileRef = BEB37DA11EA760C200FE155F /* AppDelegate.m */; };
		BEB37DA81EA760C200FE155F /* Main.storyboard in Resources */ = {isa = PBXBuildFile; fileRef = BEB37DA61EA760C200FE155F /* Main.storyboard */; };
		BEB37DAA1EA760C200FE155F /* Assets.xcassets in Resources */ = {isa = PBXBuildFile; fileRef = BEB37DA91EA760C200FE155F /* Assets.xcassets */; };
		BEB37DAD1EA760C200FE155F /* LaunchScreen.storyboard in Resources */ = {isa = PBXBuildFile; fileRef = BEB37DAB1EA760C200FE155F /* LaunchScreen.storyboard */; };
		BEB37DC01EA7627A00FE155F /* BaseModel.m in Sources */ = {isa = PBXBuildFile; fileRef = BEB37DBF1EA7627A00FE155F /* BaseModel.m */; };
		BEB37DC31EA762AC00FE155F /* BaseNetManager.m in Sources */ = {isa = PBXBuildFile; fileRef = BEB37DC21EA762AC00FE155F /* BaseNetManager.m */; };
		BEB37DC81EA763A900FE155F /* ScrollDisplayViewController.m in Sources */ = {isa = PBXBuildFile; fileRef = BEB37DC71EA763A900FE155F /* ScrollDisplayViewController.m */; };
		BEB37E4C1EA8A8D000FE155F /* ViewController.m in Sources */ = {isa = PBXBuildFile; fileRef = BEB37E4B1EA8A8D000FE155F /* ViewController.m */; };
		BEB37E651EADF37A00FE155F /* BaseViewModel.m in Sources */ = {isa = PBXBuildFile; fileRef = BEB37E641EADF37A00FE155F /* BaseViewModel.m */; };
		BEB37E991EAF4E7900FE155F /* libsqlite3.0.tbd in Frameworks */ = {isa = PBXBuildFile; fileRef = BEB37E981EAF4E7900FE155F /* libsqlite3.0.tbd */; };
		BECCDB421F4C2D7500F006C2 /* AdCell.m in Sources */ = {isa = PBXBuildFile; fileRef = BECCDB411F4C2D7500F006C2 /* AdCell.m */; };
		BECCDB451F4C309300F006C2 /* RecommendationViewController.m in Sources */ = {isa = PBXBuildFile; fileRef = BECCDB441F4C309300F006C2 /* RecommendationViewController.m */; };
		BECCDB4C1F4D191B00F006C2 /* NormalOptionCell.m in Sources */ = {isa = PBXBuildFile; fileRef = BECCDB4A1F4D191B00F006C2 /* NormalOptionCell.m */; };
		BECCDB4D1F4D191B00F006C2 /* NormalOptionCell.xib in Resources */ = {isa = PBXBuildFile; fileRef = BECCDB4B1F4D191B00F006C2 /* NormalOptionCell.xib */; };
		BECCDB511F4D33F300F006C2 /* SectionHeaderView.m in Sources */ = {isa = PBXBuildFile; fileRef = BECCDB4F1F4D33F300F006C2 /* SectionHeaderView.m */; };
		BECCDB521F4D33F300F006C2 /* SectionHeaderView.xib in Resources */ = {isa = PBXBuildFile; fileRef = BECCDB501F4D33F300F006C2 /* SectionHeaderView.xib */; };
		BECCDB561F4D780500F006C2 /* ItemCell.m in Sources */ = {isa = PBXBuildFile; fileRef = BECCDB541F4D780500F006C2 /* ItemCell.m */; };
		BECCDB571F4D780500F006C2 /* ItemCell.xib in Resources */ = {isa = PBXBuildFile; fileRef = BECCDB551F4D780500F006C2 /* ItemCell.xib */; };
		BECCDB7D1F568F2A00F006C2 /* scene.plist in Resources */ = {isa = PBXBuildFile; fileRef = BECCDB7C1F568F2A00F006C2 /* scene.plist */; };
		BECCDB8F1F56B41C00F006C2 /* RadioCategoryCell.m in Sources */ = {isa = PBXBuildFile; fileRef = BECCDB8E1F56B41C00F006C2 /* RadioCategoryCell.m */; };
		BECCDB921F56B72200F006C2 /* RadioCell.m in Sources */ = {isa = PBXBuildFile; fileRef = BECCDB911F56B72200F006C2 /* RadioCell.m */; };
		BECCDB951F56BA5600F006C2 /* RadioLayout.m in Sources */ = {isa = PBXBuildFile; fileRef = BECCDB941F56BA5600F006C2 /* RadioLayout.m */; };
		BECCDB981F56BF7600F006C2 /* SceneModel.m in Sources */ = {isa = PBXBuildFile; fileRef = BECCDB971F56BF7600F006C2 /* SceneModel.m */; };
		BECCDB9B1F57A45000F006C2 /* RadioViewController.m in Sources */ = {isa = PBXBuildFile; fileRef = BECCDB9A1F57A45000F006C2 /* RadioViewController.m */; };
		BECCDBB61F57DBF600F006C2 /* bangwan.jpg in Resources */ = {isa = PBXBuildFile; fileRef = BECCDB9D1F57DBF600F006C2 /* bangwan.jpg */; };
		BECCDBB71F57DBF600F006C2 /* dunmatong.jpg in Resources */ = {isa = PBXBuildFile; fileRef = BECCDB9E1F57DBF600F006C2 /* dunmatong.jpg */; };
		BECCDBB81F57DBF600F006C2 /* fangsong.jpg in Resources */ = {isa = PBXBuildFile; fileRef = BECCDB9F1F57DBF600F006C2 /* fangsong.jpg */; };
		BECCDBB91F57DBF600F006C2 /* gaisidenaozhong.jpg in Resources */ = {isa = PBXBuildFile; fileRef = BECCDBA01F57DBF600F006C2 /* gaisidenaozhong.jpg */; };
		BECCDBBA1F57DBF600F006C2 /* gongzuo.jpg in Resources */ = {isa = PBXBuildFile; fileRef = BECCDBA11F57DBF600F006C2 /* gongzuo.jpg */; };
		BECCDBBB1F57DBF600F006C2 /* houche.jpg in Resources */ = {isa = PBXBuildFile; fileRef = BECCDBA21F57DBF600F006C2 /* houche.jpg */; };
		BECCDBBC1F57DBF600F006C2 /* houji.jpg in Resources */ = {isa = PBXBuildFile; fileRef = BECCDBA31F57DBF600F006C2 /* houji.jpg */; };
		BECCDBBD1F57DBF600F006C2 /* juhui.jpg in Resources */ = {isa = PBXBuildFile; fileRef = BECCDBA41F57DBF600F006C2 /* juhui.jpg */; };
		BECCDBBE1F57DBF600F006C2 /* kafeishiguang.jpg in Resources */ = {isa = PBXBuildFile; fileRef = BECCDBA51F57DBF600F006C2 /* kafeishiguang.jpg */; };
		BECCDBBF1F57DBF600F006C2 /* kaiche.jpg in Resources */ = {isa = PBXBuildFile; fileRef = BECCDBA61F57DBF600F006C2 /* kaiche.jpg */; };
		BECCDBC01F57DBF600F006C2 /* laichuang.jpg in Resources */ = {isa = PBXBuildFile; fileRef = BECCDBA71F57DBF600F006C2 /* laichuang.jpg */; };
		BECCDBC11F57DBF600F006C2 /* lanlandexinglai.jpg in Resources */ = {isa = PBXBuildFile; fileRef = BECCDBA81F57DBF600F006C2 /* lanlandexinglai.jpg */; };
		BECCDBC21F57DBF600F006C2 /* qichuang.jpg in Resources */ = {isa = PBXBuildFile; fileRef = BECCDBA91F57DBF600F006C2 /* qichuang.jpg */; };
		BECCDBC31F57DBF600F006C2 /* qingchen.jpg in Resources */ = {isa = PBXBuildFile; fileRef = BECCDBAA1F57DBF600F006C2 /* qingchen.jpg */; };
		BECCDBC41F57DBF600F006C2 /* qinzishiguang.jpg in Resources */ = {isa = PBXBuildFile; fileRef = BECCDBAB1F57DBF600F006C2 /* qinzishiguang.jpg */; };
		BECCDBC51F57DBF600F006C2 /* shangwang.jpg in Resources */ = {isa = PBXBuildFile; fileRef = BECCDBAC1F57DBF600F006C2 /* shangwang.jpg */; };
		BECCDBC61F57DBF600F006C2 /* shuimian.jpg in Resources */ = {isa = PBXBuildFile; fileRef = BECCDBAD1F57DBF600F006C2 /* shuimian.jpg */; };
		BECCDBC71F57DBF600F006C2 /* wuhou.jpg in Resources */ = {isa = PBXBuildFile; fileRef = BECCDBAE1F57DBF600F006C2 /* wuhou.jpg */; };
		BECCDBC81F57DBF600F006C2 /* xuexi.jpg in Resources */ = {isa = PBXBuildFile; fileRef = BECCDBAF1F57DBF600F006C2 /* xuexi.jpg */; };
		BECCDBC91F57DBF600F006C2 /* yigeren.jpg in Resources */ = {isa = PBXBuildFile; fileRef = BECCDBB01F57DBF600F006C2 /* yigeren.jpg */; };
		BECCDBCA1F57DBF600F006C2 /* yujia.jpg in Resources */ = {isa = PBXBuildFile; fileRef = BECCDBB11F57DBF600F006C2 /* yujia.jpg */; };
		BECCDBCB1F57DBF600F006C2 /* yundong.jpg in Resources */ = {isa = PBXBuildFile; fileRef = BECCDBB21F57DBF600F006C2 /* yundong.jpg */; };
		BECCDBCC1F57DBF600F006C2 /* zailushang.jpg in Resources */ = {isa = PBXBuildFile; fileRef = BECCDBB31F57DBF600F006C2 /* zailushang.jpg */; };
		BECCDBCD1F57DBF600F006C2 /* zhai.jpg in Resources */ = {isa = PBXBuildFile; fileRef = BECCDBB41F57DBF600F006C2 /* zhai.jpg */; };
		BECCDBCE1F57DBF600F006C2 /* zuojiawu.jpg in Resources */ = {isa = PBXBuildFile; fileRef = BECCDBB51F57DBF600F006C2 /* zuojiawu.jpg */; };
		F400F60A8ADE41586FE89506 /* libPods-MyProject.a in Frameworks */ = {isa = PBXBuildFile; fileRef = D6211ADE1C455B4ABF3B8907 /* libPods-MyProject.a */; };
/* End PBXBuildFile section */

/* Begin PBXFileReference section */
		7BC8A589A3619F435457CCB6 /* Pods-MyProject.debug.xcconfig */ = {isa = PBXFileReference; includeInIndex = 1; lastKnownFileType = text.xcconfig; name = "Pods-MyProject.debug.xcconfig"; path = "Pods/Target Support Files/Pods-MyProject/Pods-MyProject.debug.xcconfig"; sourceTree = "<group>"; };
		B7135650771331DC04E72018 /* Pods-MyProject.release.xcconfig */ = {isa = PBXFileReference; includeInIndex = 1; lastKnownFileType = text.xcconfig; name = "Pods-MyProject.release.xcconfig"; path = "Pods/Target Support Files/Pods-MyProject/Pods-MyProject.release.xcconfig"; sourceTree = "<group>"; };
		BE05145C1EBC30D2005A90B5 /* NSObject+Common.h */ = {isa = PBXFileReference; fileEncoding = 4; lastKnownFileType = sourcecode.c.h; path = "NSObject+Common.h"; sourceTree = "<group>"; };
		BE05145D1EBC30D2005A90B5 /* NSObject+Common.m */ = {isa = PBXFileReference; fileEncoding = 4; lastKnownFileType = sourcecode.c.objc; path = "NSObject+Common.m"; sourceTree = "<group>"; };
		BE05145E1EBC30D2005A90B5 /* NSString+PJR.h */ = {isa = PBXFileReference; fileEncoding = 4; lastKnownFileType = sourcecode.c.h; path = "NSString+PJR.h"; sourceTree = "<group>"; };
		BE05145F1EBC30D2005A90B5 /* NSString+PJR.m */ = {isa = PBXFileReference; fileEncoding = 4; lastKnownFileType = sourcecode.c.objc; path = "NSString+PJR.m"; sourceTree = "<group>"; };
		BE0514601EBC30D2005A90B5 /* NSString+QRCode.h */ = {isa = PBXFileReference; fileEncoding = 4; lastKnownFileType = sourcecode.c.h; path = "NSString+QRCode.h"; sourceTree = "<group>"; };
		BE0514611EBC30D2005A90B5 /* NSString+QRCode.m */ = {isa = PBXFileReference; fileEncoding = 4; lastKnownFileType = sourcecode.c.objc; path = "NSString+QRCode.m"; sourceTree = "<group>"; };
		BE0514691EBC3309005A90B5 /* AppDelegate+Category.h */ = {isa = PBXFileReference; fileEncoding = 4; lastKnownFileType = sourcecode.c.h; path = "AppDelegate+Category.h"; sourceTree = "<group>"; };
		BE05146A1EBC3309005A90B5 /* AppDelegate+Category.m */ = {isa = PBXFileReference; fileEncoding = 4; lastKnownFileType = sourcecode.c.objc; path = "AppDelegate+Category.m"; sourceTree = "<group>"; };
		BE106B7A1F4AC6F800562C69 /* SongListViewController.h */ = {isa = PBXFileReference; fileEncoding = 4; lastKnownFileType = sourcecode.c.h; path = SongListViewController.h; sourceTree = "<group>"; };
		BE106B7B1F4AC6F800562C69 /* SongListViewController.m */ = {isa = PBXFileReference; fileEncoding = 4; lastKnownFileType = sourcecode.c.objc; path = SongListViewController.m; sourceTree = "<group>"; };
		BE106B7D1F4AC93000562C69 /* MyKSong.xib */ = {isa = PBXFileReference; fileEncoding = 4; lastKnownFileType = file.xib; path = MyKSong.xib; sourceTree = "<group>"; };
		BE106B7F1F4ACD1800562C69 /* KSongCategory.xib */ = {isa = PBXFileReference; fileEncoding = 4; lastKnownFileType = file.xib; path = KSongCategory.xib; sourceTree = "<group>"; };
		BE106B811F4AD0A400562C69 /* KSongSectionHeader.xib */ = {isa = PBXFileReference; fileEncoding = 4; lastKnownFileType = file.xib; path = KSongSectionHeader.xib; sourceTree = "<group>"; };
		BE106B831F4AD1D600562C69 /* TopAdCell.h */ = {isa = PBXFileReference; fileEncoding = 4; lastKnownFileType = sourcecode.c.h; path = TopAdCell.h; sourceTree = "<group>"; };
		BE106B841F4AD1D600562C69 /* TopAdCell.m */ = {isa = PBXFileReference; fileEncoding = 4; lastKnownFileType = sourcecode.c.objc; path = TopAdCell.m; sourceTree = "<group>"; };
		BE106B851F4AD1D600562C69 /* TopAdCell.xib */ = {isa = PBXFileReference; fileEncoding = 4; lastKnownFileType = file.xib; path = TopAdCell.xib; sourceTree = "<group>"; };
		BE106B8B1F4AD2B900562C69 /* SingNumberCell.h */ = {isa = PBXFileReference; fileEncoding = 4; lastKnownFileType = sourcecode.c.h; path = SingNumberCell.h; sourceTree = "<group>"; };
		BE106B8C1F4AD2B900562C69 /* SingNumberCell.m */ = {isa = PBXFileReference; fileEncoding = 4; lastKnownFileType = sourcecode.c.objc; path = SingNumberCell.m; sourceTree = "<group>"; };
		BE106B8D1F4AD2B900562C69 /* SingNumberCell.xib */ = {isa = PBXFileReference; fileEncoding = 4; lastKnownFileType = file.xib; path = SingNumberCell.xib; sourceTree = "<group>"; };
		BE106B901F4AD63800562C69 /* KSongViewController.h */ = {isa = PBXFileReference; fileEncoding = 4; lastKnownFileType = sourcecode.c.h; path = KSongViewController.h; sourceTree = "<group>"; };
		BE106B911F4AD63800562C69 /* KSongViewController.m */ = {isa = PBXFileReference; fileEncoding = 4; lastKnownFileType = sourcecode.c.objc; path = KSongViewController.m; sourceTree = "<group>"; };
		BE76E1881F442C9F00E28B17 /* MusicMenuViewController.h */ = {isa = PBXFileReference; fileEncoding = 4; lastKnownFileType = sourcecode.c.h; path = MusicMenuViewController.h; sourceTree = "<group>"; };
		BE76E1891F442C9F00E28B17 /* MusicMenuViewController.m */ = {isa = PBXFileReference; fileEncoding = 4; lastKnownFileType = sourcecode.c.objc; path = MusicMenuViewController.m; sourceTree = "<group>"; };
		BE76E1991F442E6900E28B17 /* TopMenuViewController.h */ = {isa = PBXFileReference; fileEncoding = 4; lastKnownFileType = sourcecode.c.h; path = TopMenuViewController.h; sourceTree = "<group>"; };
		BE76E19A1F442E6900E28B17 /* TopMenuViewController.m */ = {isa = PBXFileReference; fileEncoding = 4; lastKnownFileType = sourcecode.c.objc; path = TopMenuViewController.m; sourceTree = "<group>"; };
		BE76E19C1F442E8100E28B17 /* TopNavigationController.h */ = {isa = PBXFileReference; fileEncoding = 4; lastKnownFileType = sourcecode.c.h; path = TopNavigationController.h; sourceTree = "<group>"; };
		BE76E19D1F442E8100E28B17 /* TopNavigationController.m */ = {isa = PBXFileReference; fileEncoding = 4; lastKnownFileType = sourcecode.c.objc; path = TopNavigationController.m; sourceTree = "<group>"; };
		BE76E19F1F442E9100E28B17 /* MainViewController.h */ = {isa = PBXFileReference; fileEncoding = 4; lastKnownFileType = sourcecode.c.h; path = MainViewController.h; sourceTree = "<group>"; };
		BE76E1A01F442E9100E28B17 /* MainViewController.m */ = {isa = PBXFileReference; fileEncoding = 4; lastKnownFileType = sourcecode.c.objc; path = MainViewController.m; sourceTree = "<group>"; };
		BE76E1A91F4442F100E28B17 /* ChartsCell.h */ = {isa = PBXFileReference; fileEncoding = 4; lastKnownFileType = sourcecode.c.h; path = ChartsCell.h; sourceTree = "<group>"; };
		BE76E1AA1F4442F100E28B17 /* ChartsCell.m */ = {isa = PBXFileReference; fileEncoding = 4; lastKnownFileType = sourcecode.c.objc; path = ChartsCell.m; sourceTree = "<group>"; };
		BE76E1AC1F444C7F00E28B17 /* ChartsViewController.h */ = {isa = PBXFileReference; fileEncoding = 4; lastKnownFileType = sourcecode.c.h; path = ChartsViewController.h; sourceTree = "<group>"; };
		BE76E1AD1F444C7F00E28B17 /* ChartsViewController.m */ = {isa = PBXFileReference; fileEncoding = 4; lastKnownFileType = sourcecode.c.objc; path = ChartsViewController.m; sourceTree = "<group>"; };
		BE76E1AF1F453A3200E28B17 /* ChartsDetailCell.h */ = {isa = PBXFileReference; fileEncoding = 4; lastKnownFileType = sourcecode.c.h; path = ChartsDetailCell.h; sourceTree = "<group>"; };
		BE76E1B01F453A3200E28B17 /* ChartsDetailCell.m */ = {isa = PBXFileReference; fileEncoding = 4; lastKnownFileType = sourcecode.c.objc; path = ChartsDetailCell.m; sourceTree = "<group>"; };
		BE76E1B21F45462900E28B17 /* ChartsDetailViewController.h */ = {isa = PBXFileReference; fileEncoding = 4; lastKnownFileType = sourcecode.c.h; path = ChartsDetailViewController.h; sourceTree = "<group>"; };
		BE76E1B31F45462900E28B17 /* ChartsDetailViewController.m */ = {isa = PBXFileReference; fileEncoding = 4; lastKnownFileType = sourcecode.c.objc; path = ChartsDetailViewController.m; sourceTree = "<group>"; };
		BE76E1B51F4593E000E28B17 /* NormalSectionHeaderView.h */ = {isa = PBXFileReference; fileEncoding = 4; lastKnownFileType = sourcecode.c.h; path = NormalSectionHeaderView.h; sourceTree = "<group>"; };
		BE76E1B61F4593E000E28B17 /* NormalSectionHeaderView.m */ = {isa = PBXFileReference; fileEncoding = 4; lastKnownFileType = sourcecode.c.objc; path = NormalSectionHeaderView.m; sourceTree = "<group>"; };
		BE76E1B81F4593F600E28B17 /* KingSectionHeaderView.h */ = {isa = PBXFileReference; fileEncoding = 4; lastKnownFileType = sourcecode.c.h; path = KingSectionHeaderView.h; sourceTree = "<group>"; };
		BE76E1B91F4593F600E28B17 /* KingSectionHeaderView.m */ = {isa = PBXFileReference; fileEncoding = 4; lastKnownFileType = sourcecode.c.objc; path = KingSectionHeaderView.m; sourceTree = "<group>"; };
		BE76E1BB1F46C20400E28B17 /* SongListCell.h */ = {isa = PBXFileReference; fileEncoding = 4; lastKnownFileType = sourcecode.c.h; path = SongListCell.h; sourceTree = "<group>"; };
		BE76E1BC1F46C20400E28B17 /* SongListCell.m */ = {isa = PBXFileReference; fileEncoding = 4; lastKnownFileType = sourcecode.c.objc; path = SongListCell.m; sourceTree = "<group>"; };
		BE76E1BE1F46C8D200E28B17 /* SongListLayout.h */ = {isa = PBXFileReference; fileEncoding = 4; lastKnownFileType = sourcecode.c.h; path = SongListLayout.h; sourceTree = "<group>"; };
		BE76E1BF1F46C8D200E28B17 /* SongListLayout.m */ = {isa = PBXFileReference; fileEncoding = 4; lastKnownFileType = sourcecode.c.objc; path = SongListLayout.m; sourceTree = "<group>"; };
		BEB37D9A1EA760C200FE155F /* MyProject.app */ = {isa = PBXFileReference; explicitFileType = wrapper.application; includeInIndex = 0; path = MyProject.app; sourceTree = BUILT_PRODUCTS_DIR; };
		BEB37D9E1EA760C200FE155F /* main.m */ = {isa = PBXFileReference; lastKnownFileType = sourcecode.c.objc; path = main.m; sourceTree = "<group>"; };
		BEB37DA01EA760C200FE155F /* AppDelegate.h */ = {isa = PBXFileReference; lastKnownFileType = sourcecode.c.h; path = AppDelegate.h; sourceTree = "<group>"; };
		BEB37DA11EA760C200FE155F /* AppDelegate.m */ = {isa = PBXFileReference; lastKnownFileType = sourcecode.c.objc; path = AppDelegate.m; sourceTree = "<group>"; };
		BEB37DA71EA760C200FE155F /* Base */ = {isa = PBXFileReference; lastKnownFileType = file.storyboard; name = Base; path = Base.lproj/Main.storyboard; sourceTree = "<group>"; };
		BEB37DA91EA760C200FE155F /* Assets.xcassets */ = {isa = PBXFileReference; lastKnownFileType = folder.assetcatalog; name = Assets.xcassets; path = ../Assets.xcassets; sourceTree = "<group>"; };
		BEB37DAC1EA760C200FE155F /* Base */ = {isa = PBXFileReference; lastKnownFileType = file.storyboard; name = Base; path = Base.lproj/LaunchScreen.storyboard; sourceTree = "<group>"; };
		BEB37DAE1EA760C200FE155F /* Info.plist */ = {isa = PBXFileReference; lastKnownFileType = text.plist.xml; path = Info.plist; sourceTree = "<group>"; };
		BEB37DBD1EA7623400FE155F /* Constants.h */ = {isa = PBXFileReference; lastKnownFileType = sourcecode.c.h; path = Constants.h; sourceTree = "<group>"; };
		BEB37DBE1EA7627A00FE155F /* BaseModel.h */ = {isa = PBXFileReference; fileEncoding = 4; lastKnownFileType = sourcecode.c.h; path = BaseModel.h; sourceTree = "<group>"; };
		BEB37DBF1EA7627A00FE155F /* BaseModel.m */ = {isa = PBXFileReference; fileEncoding = 4; lastKnownFileType = sourcecode.c.objc; path = BaseModel.m; sourceTree = "<group>"; };
		BEB37DC11EA762AC00FE155F /* BaseNetManager.h */ = {isa = PBXFileReference; fileEncoding = 4; lastKnownFileType = sourcecode.c.h; path = BaseNetManager.h; sourceTree = "<group>"; };
		BEB37DC21EA762AC00FE155F /* BaseNetManager.m */ = {isa = PBXFileReference; fileEncoding = 4; lastKnownFileType = sourcecode.c.objc; path = BaseNetManager.m; sourceTree = "<group>"; };
		BEB37DC41EA7630B00FE155F /* PrefixHeader.pch */ = {isa = PBXFileReference; lastKnownFileType = sourcecode.c.h; path = PrefixHeader.pch; sourceTree = "<group>"; };
		BEB37DC61EA763A900FE155F /* ScrollDisplayViewController.h */ = {isa = PBXFileReference; fileEncoding = 4; lastKnownFileType = sourcecode.c.h; path = ScrollDisplayViewController.h; sourceTree = "<group>"; };
		BEB37DC71EA763A900FE155F /* ScrollDisplayViewController.m */ = {isa = PBXFileReference; fileEncoding = 4; lastKnownFileType = sourcecode.c.objc; path = ScrollDisplayViewController.m; sourceTree = "<group>"; };
		BEB37E4A1EA8A8D000FE155F /* ViewController.h */ = {isa = PBXFileReference; fileEncoding = 4; lastKnownFileType = sourcecode.c.h; path = ViewController.h; sourceTree = "<group>"; };
		BEB37E4B1EA8A8D000FE155F /* ViewController.m */ = {isa = PBXFileReference; fileEncoding = 4; lastKnownFileType = sourcecode.c.objc; path = ViewController.m; sourceTree = "<group>"; };
		BEB37E631EADF37A00FE155F /* BaseViewModel.h */ = {isa = PBXFileReference; fileEncoding = 4; lastKnownFileType = sourcecode.c.h; path = BaseViewModel.h; sourceTree = "<group>"; };
		BEB37E641EADF37A00FE155F /* BaseViewModel.m */ = {isa = PBXFileReference; fileEncoding = 4; lastKnownFileType = sourcecode.c.objc; path = BaseViewModel.m; sourceTree = "<group>"; };
		BEB37E961EAF410200FE155F /* zh-Hans */ = {isa = PBXFileReference; lastKnownFileType = text.plist.strings; name = "zh-Hans"; path = "zh-Hans.lproj/Main.strings"; sourceTree = "<group>"; };
		BEB37E971EAF410200FE155F /* zh-Hans */ = {isa = PBXFileReference; lastKnownFileType = text.plist.strings; name = "zh-Hans"; path = "zh-Hans.lproj/LaunchScreen.strings"; sourceTree = "<group>"; };
		BEB37E981EAF4E7900FE155F /* libsqlite3.0.tbd */ = {isa = PBXFileReference; lastKnownFileType = "sourcecode.text-based-dylib-definition"; name = libsqlite3.0.tbd; path = usr/lib/libsqlite3.0.tbd; sourceTree = SDKROOT; };
		BECCDB401F4C2D7500F006C2 /* AdCell.h */ = {isa = PBXFileReference; fileEncoding = 4; lastKnownFileType = sourcecode.c.h; path = AdCell.h; sourceTree = "<group>"; };
		BECCDB411F4C2D7500F006C2 /* AdCell.m */ = {isa = PBXFileReference; fileEncoding = 4; lastKnownFileType = sourcecode.c.objc; path = AdCell.m; sourceTree = "<group>"; };
		BECCDB431F4C309300F006C2 /* RecommendationViewController.h */ = {isa = PBXFileReference; fileEncoding = 4; lastKnownFileType = sourcecode.c.h; path = RecommendationViewController.h; sourceTree = "<group>"; };
		BECCDB441F4C309300F006C2 /* RecommendationViewController.m */ = {isa = PBXFileReference; fileEncoding = 4; lastKnownFileType = sourcecode.c.objc; path = RecommendationViewController.m; sourceTree = "<group>"; };
		BECCDB491F4D191B00F006C2 /* NormalOptionCell.h */ = {isa = PBXFileReference; fileEncoding = 4; lastKnownFileType = sourcecode.c.h; path = NormalOptionCell.h; sourceTree = "<group>"; };
		BECCDB4A1F4D191B00F006C2 /* NormalOptionCell.m */ = {isa = PBXFileReference; fileEncoding = 4; lastKnownFileType = sourcecode.c.objc; path = NormalOptionCell.m; sourceTree = "<group>"; };
		BECCDB4B1F4D191B00F006C2 /* NormalOptionCell.xib */ = {isa = PBXFileReference; fileEncoding = 4; lastKnownFileType = file.xib; path = NormalOptionCell.xib; sourceTree = "<group>"; };
		BECCDB4E1F4D33F300F006C2 /* SectionHeaderView.h */ = {isa = PBXFileReference; fileEncoding = 4; lastKnownFileType = sourcecode.c.h; path = SectionHeaderView.h; sourceTree = "<group>"; };
		BECCDB4F1F4D33F300F006C2 /* SectionHeaderView.m */ = {isa = PBXFileReference; fileEncoding = 4; lastKnownFileType = sourcecode.c.objc; path = SectionHeaderView.m; sourceTree = "<group>"; };
		BECCDB501F4D33F300F006C2 /* SectionHeaderView.xib */ = {isa = PBXFileReference; fileEncoding = 4; lastKnownFileType = file.xib; path = SectionHeaderView.xib; sourceTree = "<group>"; };
		BECCDB531F4D780500F006C2 /* ItemCell.h */ = {isa = PBXFileReference; fileEncoding = 4; lastKnownFileType = sourcecode.c.h; path = ItemCell.h; sourceTree = "<group>"; };
		BECCDB541F4D780500F006C2 /* ItemCell.m */ = {isa = PBXFileReference; fileEncoding = 4; lastKnownFileType = sourcecode.c.objc; path = ItemCell.m; sourceTree = "<group>"; };
		BECCDB551F4D780500F006C2 /* ItemCell.xib */ = {isa = PBXFileReference; fileEncoding = 4; lastKnownFileType = file.xib; path = ItemCell.xib; sourceTree = "<group>"; };
		BECCDB7C1F568F2A00F006C2 /* scene.plist */ = {isa = PBXFileReference; fileEncoding = 4; lastKnownFileType = text.plist.xml; path = scene.plist; sourceTree = "<group>"; };
		BECCDB8D1F56B41C00F006C2 /* RadioCategoryCell.h */ = {isa = PBXFileReference; fileEncoding = 4; lastKnownFileType = sourcecode.c.h; path = RadioCategoryCell.h; sourceTree = "<group>"; };
		BECCDB8E1F56B41C00F006C2 /* RadioCategoryCell.m */ = {isa = PBXFileReference; fileEncoding = 4; lastKnownFileType = sourcecode.c.objc; path = RadioCategoryCell.m; sourceTree = "<group>"; };
		BECCDB901F56B72200F006C2 /* RadioCell.h */ = {isa = PBXFileReference; fileEncoding = 4; lastKnownFileType = sourcecode.c.h; path = RadioCell.h; sourceTree = "<group>"; };
		BECCDB911F56B72200F006C2 /* RadioCell.m */ = {isa = PBXFileReference; fileEncoding = 4; lastKnownFileType = sourcecode.c.objc; path = RadioCell.m; sourceTree = "<group>"; };
		BECCDB931F56BA5600F006C2 /* RadioLayout.h */ = {isa = PBXFileReference; fileEncoding = 4; lastKnownFileType = sourcecode.c.h; path = RadioLayout.h; sourceTree = "<group>"; };
		BECCDB941F56BA5600F006C2 /* RadioLayout.m */ = {isa = PBXFileReference; fileEncoding = 4; lastKnownFileType = sourcecode.c.objc; path = RadioLayout.m; sourceTree = "<group>"; };
		BECCDB961F56BF7600F006C2 /* SceneModel.h */ = {isa = PBXFileReference; fileEncoding = 4; lastKnownFileType = sourcecode.c.h; path = SceneModel.h; sourceTree = "<group>"; };
		BECCDB971F56BF7600F006C2 /* SceneModel.m */ = {isa = PBXFileReference; fileEncoding = 4; lastKnownFileType = sourcecode.c.objc; path = SceneModel.m; sourceTree = "<group>"; };
		BECCDB991F57A45000F006C2 /* RadioViewController.h */ = {isa = PBXFileReference; fileEncoding = 4; lastKnownFileType = sourcecode.c.h; path = RadioViewController.h; sourceTree = "<group>"; };
		BECCDB9A1F57A45000F006C2 /* RadioViewController.m */ = {isa = PBXFileReference; fileEncoding = 4; lastKnownFileType = sourcecode.c.objc; path = RadioViewController.m; sourceTree = "<group>"; };
		BECCDB9D1F57DBF600F006C2 /* bangwan.jpg */ = {isa = PBXFileReference; lastKnownFileType = image.jpeg; path = bangwan.jpg; sourceTree = "<group>"; };
		BECCDB9E1F57DBF600F006C2 /* dunmatong.jpg */ = {isa = PBXFileReference; lastKnownFileType = image.jpeg; path = dunmatong.jpg; sourceTree = "<group>"; };
		BECCDB9F1F57DBF600F006C2 /* fangsong.jpg */ = {isa = PBXFileReference; lastKnownFileType = image.jpeg; path = fangsong.jpg; sourceTree = "<group>"; };
		BECCDBA01F57DBF600F006C2 /* gaisidenaozhong.jpg */ = {isa = PBXFileReference; lastKnownFileType = image.jpeg; path = gaisidenaozhong.jpg; sourceTree = "<group>"; };
		BECCDBA11F57DBF600F006C2 /* gongzuo.jpg */ = {isa = PBXFileReference; lastKnownFileType = image.jpeg; path = gongzuo.jpg; sourceTree = "<group>"; };
		BECCDBA21F57DBF600F006C2 /* houche.jpg */ = {isa = PBXFileReference; lastKnownFileType = image.jpeg; path = houche.jpg; sourceTree = "<group>"; };
		BECCDBA31F57DBF600F006C2 /* houji.jpg */ = {isa = PBXFileReference; lastKnownFileType = image.jpeg; path = houji.jpg; sourceTree = "<group>"; };
		BECCDBA41F57DBF600F006C2 /* juhui.jpg */ = {isa = PBXFileReference; lastKnownFileType = image.jpeg; path = juhui.jpg; sourceTree = "<group>"; };
		BECCDBA51F57DBF600F006C2 /* kafeishiguang.jpg */ = {isa = PBXFileReference; lastKnownFileType = image.jpeg; path = kafeishiguang.jpg; sourceTree = "<group>"; };
		BECCDBA61F57DBF600F006C2 /* kaiche.jpg */ = {isa = PBXFileReference; lastKnownFileType = image.jpeg; path = kaiche.jpg; sourceTree = "<group>"; };
		BECCDBA71F57DBF600F006C2 /* laichuang.jpg */ = {isa = PBXFileReference; lastKnownFileType = image.jpeg; path = laichuang.jpg; sourceTree = "<group>"; };
		BECCDBA81F57DBF600F006C2 /* lanlandexinglai.jpg */ = {isa = PBXFileReference; lastKnownFileType = image.jpeg; path = lanlandexinglai.jpg; sourceTree = "<group>"; };
		BECCDBA91F57DBF600F006C2 /* qichuang.jpg */ = {isa = PBXFileReference; lastKnownFileType = image.jpeg; path = qichuang.jpg; sourceTree = "<group>"; };
		BECCDBAA1F57DBF600F006C2 /* qingchen.jpg */ = {isa = PBXFileReference; lastKnownFileType = image.jpeg; path = qingchen.jpg; sourceTree = "<group>"; };
		BECCDBAB1F57DBF600F006C2 /* qinzishiguang.jpg */ = {isa = PBXFileReference; lastKnownFileType = image.jpeg; path = qinzishiguang.jpg; sourceTree = "<group>"; };
		BECCDBAC1F57DBF600F006C2 /* shangwang.jpg */ = {isa = PBXFileReference; lastKnownFileType = image.jpeg; path = shangwang.jpg; sourceTree = "<group>"; };
		BECCDBAD1F57DBF600F006C2 /* shuimian.jpg */ = {isa = PBXFileReference; lastKnownFileType = image.jpeg; path = shuimian.jpg; sourceTree = "<group>"; };
		BECCDBAE1F57DBF600F006C2 /* wuhou.jpg */ = {isa = PBXFileReference; lastKnownFileType = image.jpeg; path = wuhou.jpg; sourceTree = "<group>"; };
		BECCDBAF1F57DBF600F006C2 /* xuexi.jpg */ = {isa = PBXFileReference; lastKnownFileType = image.jpeg; path = xuexi.jpg; sourceTree = "<group>"; };
		BECCDBB01F57DBF600F006C2 /* yigeren.jpg */ = {isa = PBXFileReference; lastKnownFileType = image.jpeg; path = yigeren.jpg; sourceTree = "<group>"; };
		BECCDBB11F57DBF600F006C2 /* yujia.jpg */ = {isa = PBXFileReference; lastKnownFileType = image.jpeg; path = yujia.jpg; sourceTree = "<group>"; };
		BECCDBB21F57DBF600F006C2 /* yundong.jpg */ = {isa = PBXFileReference; lastKnownFileType = image.jpeg; path = yundong.jpg; sourceTree = "<group>"; };
		BECCDBB31F57DBF600F006C2 /* zailushang.jpg */ = {isa = PBXFileReference; lastKnownFileType = image.jpeg; path = zailushang.jpg; sourceTree = "<group>"; };
		BECCDBB41F57DBF600F006C2 /* zhai.jpg */ = {isa = PBXFileReference; lastKnownFileType = image.jpeg; path = zhai.jpg; sourceTree = "<group>"; };
		BECCDBB51F57DBF600F006C2 /* zuojiawu.jpg */ = {isa = PBXFileReference; lastKnownFileType = image.jpeg; path = zuojiawu.jpg; sourceTree = "<group>"; };
		D6211ADE1C455B4ABF3B8907 /* libPods-MyProject.a */ = {isa = PBXFileReference; explicitFileType = archive.ar; includeInIndex = 0; path = "libPods-MyProject.a"; sourceTree = BUILT_PRODUCTS_DIR; };
/* End PBXFileReference section */

/* Begin PBXFrameworksBuildPhase section */
		BEB37D971EA760C200FE155F /* Frameworks */ = {
			isa = PBXFrameworksBuildPhase;
			buildActionMask = 2147483647;
			files = (
				BEB37E991EAF4E7900FE155F /* libsqlite3.0.tbd in Frameworks */,
				F400F60A8ADE41586FE89506 /* libPods-MyProject.a in Frameworks */,
			);
			runOnlyForDeploymentPostprocessing = 0;
		};
/* End PBXFrameworksBuildPhase section */

/* Begin PBXGroup section */
		1A4B2BBA450346DC9361F6F6 /* Frameworks */ = {
			isa = PBXGroup;
			children = (
				BEB37E981EAF4E7900FE155F /* libsqlite3.0.tbd */,
				D6211ADE1C455B4ABF3B8907 /* libPods-MyProject.a */,
			);
			name = Frameworks;
			sourceTree = "<group>";
		};
		1CEF35BF4F93DACFE1A7904D /* Pods */ = {
			isa = PBXGroup;
			children = (
				7BC8A589A3619F435457CCB6 /* Pods-MyProject.debug.xcconfig */,
				B7135650771331DC04E72018 /* Pods-MyProject.release.xcconfig */,
			);
			name = Pods;
			sourceTree = "<group>";
		};
		BE76E16A1F44250200E28B17 /* 动态 */ = {
			isa = PBXGroup;
			children = (
			);
			path = "动态";
			sourceTree = "<group>";
		};
		BE76E16B1F44250200E28B17 /* 我的 */ = {
			isa = PBXGroup;
			children = (
			);
			path = "我的";
			sourceTree = "<group>";
		};
		BE76E16C1F44250200E28B17 /* 音乐 */ = {
			isa = PBXGroup;
			children = (
				BE76E16D1F44250200E28B17 /* K歌 */,
				BE76E16E1F44250200E28B17 /* 推荐 */,
				BE76E16F1F44250200E28B17 /* 榜单 */,
				BE76E1701F44250200E28B17 /* 歌单 */,
			);
			path = "音乐";
			sourceTree = "<group>";
		};
		BE76E16D1F44250200E28B17 /* K歌 */ = {
			isa = PBXGroup;
			children = (
			);
			path = "K歌";
			sourceTree = "<group>";
		};
		BE76E16E1F44250200E28B17 /* 推荐 */ = {
			isa = PBXGroup;
			children = (
			);
			path = "推荐";
			sourceTree = "<group>";
		};
		BE76E16F1F44250200E28B17 /* 榜单 */ = {
			isa = PBXGroup;
			children = (
			);
			path = "榜单";
			sourceTree = "<group>";
		};
		BE76E1701F44250200E28B17 /* 歌单 */ = {
			isa = PBXGroup;
			children = (
			);
			path = "歌单";
			sourceTree = "<group>";
		};
		BE76E1711F44251600E28B17 /* 动态 */ = {
			isa = PBXGroup;
			children = (
			);
			path = "动态";
			sourceTree = "<group>";
		};
		BE76E1721F44251600E28B17 /* 我的 */ = {
			isa = PBXGroup;
			children = (
			);
			path = "我的";
			sourceTree = "<group>";
		};
		BE76E1731F44251600E28B17 /* 音乐 */ = {
			isa = PBXGroup;
			children = (
				BE76E1881F442C9F00E28B17 /* MusicMenuViewController.h */,
				BE76E1891F442C9F00E28B17 /* MusicMenuViewController.m */,
				BE76E1741F44251600E28B17 /* K歌 */,
				BE76E1751F44251600E28B17 /* 推荐 */,
				BE76E1761F44251600E28B17 /* 榜单 */,
				BE76E1771F44251600E28B17 /* 歌单 */,
			);
			path = "音乐";
			sourceTree = "<group>";
		};
		BE76E1741F44251600E28B17 /* K歌 */ = {
			isa = PBXGroup;
			children = (
				BE106B901F4AD63800562C69 /* KSongViewController.h */,
				BE106B911F4AD63800562C69 /* KSongViewController.m */,
			);
			path = "K歌";
			sourceTree = "<group>";
		};
		BE76E1751F44251600E28B17 /* 推荐 */ = {
			isa = PBXGroup;
			children = (
				BECCDB431F4C309300F006C2 /* RecommendationViewController.h */,
				BECCDB441F4C309300F006C2 /* RecommendationViewController.m */,
			);
			path = "推荐";
			sourceTree = "<group>";
		};
		BE76E1761F44251600E28B17 /* 榜单 */ = {
			isa = PBXGroup;
			children = (
				BE76E1AC1F444C7F00E28B17 /* ChartsViewController.h */,
				BE76E1AD1F444C7F00E28B17 /* ChartsViewController.m */,
				BE76E1B21F45462900E28B17 /* ChartsDetailViewController.h */,
				BE76E1B31F45462900E28B17 /* ChartsDetailViewController.m */,
			);
			path = "榜单";
			sourceTree = "<group>";
		};
		BE76E1771F44251600E28B17 /* 歌单 */ = {
			isa = PBXGroup;
			children = (
				BE106B7A1F4AC6F800562C69 /* SongListViewController.h */,
				BE106B7B1F4AC6F800562C69 /* SongListViewController.m */,
			);
			path = "歌单";
			sourceTree = "<group>";
		};
		BE76E17F1F4429A200E28B17 /* View */ = {
			isa = PBXGroup;
			children = (
			);
			name = View;
			path = MyProject/View;
			sourceTree = SOURCE_ROOT;
		};
		BE76E1981F442E5E00E28B17 /* 基础UI */ = {
			isa = PBXGroup;
			children = (
				BE76E1991F442E6900E28B17 /* TopMenuViewController.h */,
				BE76E19A1F442E6900E28B17 /* TopMenuViewController.m */,
				BE76E19C1F442E8100E28B17 /* TopNavigationController.h */,
				BE76E19D1F442E8100E28B17 /* TopNavigationController.m */,
				BE76E19F1F442E9100E28B17 /* MainViewController.h */,
				BE76E1A01F442E9100E28B17 /* MainViewController.m */,
			);
			path = "基础UI";
			sourceTree = "<group>";
		};
		BE76E1A21F443EE900E28B17 /* 动态 */ = {
			isa = PBXGroup;
			children = (
			);
			path = "动态";
			sourceTree = "<group>";
		};
		BE76E1A31F443EE900E28B17 /* 我的 */ = {
			isa = PBXGroup;
			children = (
			);
			path = "我的";
			sourceTree = "<group>";
		};
		BE76E1A41F443EE900E28B17 /* 音乐 */ = {
			isa = PBXGroup;
			children = (
				BE76E1A51F443EE900E28B17 /* K歌 */,
				BE76E1A61F443EE900E28B17 /* 推荐 */,
				BE76E1A71F443EE900E28B17 /* 榜单 */,
				BE76E1A81F443EE900E28B17 /* 歌单 */,
			);
			path = "音乐";
			sourceTree = "<group>";
		};
		BE76E1A51F443EE900E28B17 /* K歌 */ = {
			isa = PBXGroup;
			children = (
				BE106B7D1F4AC93000562C69 /* MyKSong.xib */,
				BE106B7F1F4ACD1800562C69 /* KSongCategory.xib */,
				BE106B811F4AD0A400562C69 /* KSongSectionHeader.xib */,
				BE106B831F4AD1D600562C69 /* TopAdCell.h */,
				BE106B841F4AD1D600562C69 /* TopAdCell.m */,
				BE106B851F4AD1D600562C69 /* TopAdCell.xib */,
				BE106B8B1F4AD2B900562C69 /* SingNumberCell.h */,
				BE106B8C1F4AD2B900562C69 /* SingNumberCell.m */,
				BE106B8D1F4AD2B900562C69 /* SingNumberCell.xib */,
			);
			path = "K歌";
			sourceTree = "<group>";
		};
		BE76E1A61F443EE900E28B17 /* 推荐 */ = {
			isa = PBXGroup;
			children = (
				BECCDB401F4C2D7500F006C2 /* AdCell.h */,
				BECCDB411F4C2D7500F006C2 /* AdCell.m */,
				BECCDB491F4D191B00F006C2 /* NormalOptionCell.h */,
				BECCDB4A1F4D191B00F006C2 /* NormalOptionCell.m */,
				BECCDB4B1F4D191B00F006C2 /* NormalOptionCell.xib */,
				BECCDB4E1F4D33F300F006C2 /* SectionHeaderView.h */,
				BECCDB4F1F4D33F300F006C2 /* SectionHeaderView.m */,
				BECCDB501F4D33F300F006C2 /* SectionHeaderView.xib */,
				BECCDB531F4D780500F006C2 /* ItemCell.h */,
				BECCDB541F4D780500F006C2 /* ItemCell.m */,
				BECCDB551F4D780500F006C2 /* ItemCell.xib */,
			);
			path = "推荐";
			sourceTree = "<group>";
		};
		BE76E1A71F443EE900E28B17 /* 榜单 */ = {
			isa = PBXGroup;
			children = (
				BE76E1A91F4442F100E28B17 /* ChartsCell.h */,
				BE76E1AA1F4442F100E28B17 /* ChartsCell.m */,
				BE76E1AF1F453A3200E28B17 /* ChartsDetailCell.h */,
				BE76E1B01F453A3200E28B17 /* ChartsDetailCell.m */,
				BE76E1B51F4593E000E28B17 /* NormalSectionHeaderView.h */,
				BE76E1B61F4593E000E28B17 /* NormalSectionHeaderView.m */,
				BE76E1B81F4593F600E28B17 /* KingSectionHeaderView.h */,
				BE76E1B91F4593F600E28B17 /* KingSectionHeaderView.m */,
			);
			path = "榜单";
			sourceTree = "<group>";
		};
		BE76E1A81F443EE900E28B17 /* 歌单 */ = {
			isa = PBXGroup;
			children = (
				BE76E1BB1F46C20400E28B17 /* SongListCell.h */,
				BE76E1BC1F46C20400E28B17 /* SongListCell.m */,
				BE76E1BE1F46C8D200E28B17 /* SongListLayout.h */,
				BE76E1BF1F46C8D200E28B17 /* SongListLayout.m */,
			);
			path = "歌单";
			sourceTree = "<group>";
		};
		BEB37D911EA760C200FE155F = {
			isa = PBXGroup;
			children = (
				BEB37D9C1EA760C200FE155F /* MyProject */,
				BEB37D9B1EA760C200FE155F /* Products */,
				1CEF35BF4F93DACFE1A7904D /* Pods */,
				1A4B2BBA450346DC9361F6F6 /* Frameworks */,
			);
			sourceTree = "<group>";
		};
		BEB37D9B1EA760C200FE155F /* Products */ = {
			isa = PBXGroup;
			children = (
				BEB37D9A1EA760C200FE155F /* MyProject.app */,
			);
			name = Products;
			sourceTree = "<group>";
		};
		BEB37D9C1EA760C200FE155F /* MyProject */ = {
			isa = PBXGroup;
			children = (
				BECCDB9C1F57DBF500F006C2 /* pictures */,
				BEB37DBC1EA761DD00FE155F /* Define */,
				BEB37DBB1EA761D400FE155F /* Model */,
				BEB37DBA1EA761CF00FE155F /* NetManager */,
				BEB37DB91EA761C600FE155F /* Resource */,
				BEB37DB81EA761C200FE155F /* Util */,
				BEB37DB71EA761BD00FE155F /* Vendor */,
				BE76E17F1F4429A200E28B17 /* View */,
				BEB37DB51EA761B300FE155F /* ViewController */,
				BEB37DB41EA761AC00FE155F /* ViewModel */,
				BEB37DA01EA760C200FE155F /* AppDelegate.h */,
				BEB37DA11EA760C200FE155F /* AppDelegate.m */,
				BEB37D9D1EA760C200FE155F /* Supporting Files */,
			);
			path = MyProject;
			sourceTree = "<group>";
		};
		BEB37D9D1EA760C200FE155F /* Supporting Files */ = {
			isa = PBXGroup;
			children = (
				BECCDB7C1F568F2A00F006C2 /* scene.plist */,
				BEB37DAE1EA760C200FE155F /* Info.plist */,
				BEB37D9E1EA760C200FE155F /* main.m */,
			);
			name = "Supporting Files";
			sourceTree = "<group>";
		};
		BEB37DB41EA761AC00FE155F /* ViewModel */ = {
			isa = PBXGroup;
			children = (
				BECCDB7B1F568EE500F006C2 /* 电台 */,
				BE76E1A21F443EE900E28B17 /* 动态 */,
				BE76E1A31F443EE900E28B17 /* 我的 */,
				BE76E1A41F443EE900E28B17 /* 音乐 */,
				BEB37E631EADF37A00FE155F /* BaseViewModel.h */,
				BEB37E641EADF37A00FE155F /* BaseViewModel.m */,
			);
			path = ViewModel;
			sourceTree = "<group>";
		};
		BEB37DB51EA761B300FE155F /* ViewController */ = {
			isa = PBXGroup;
			children = (
				BECCDB7A1F568EDE00F006C2 /* 电台 */,
				BE76E1981F442E5E00E28B17 /* 基础UI */,
				BE76E1711F44251600E28B17 /* 动态 */,
				BE76E1721F44251600E28B17 /* 我的 */,
				BE76E1731F44251600E28B17 /* 音乐 */,
				BEB37E4A1EA8A8D000FE155F /* ViewController.h */,
				BEB37E4B1EA8A8D000FE155F /* ViewController.m */,
			);
			path = ViewController;
			sourceTree = "<group>";
		};
		BEB37DB71EA761BD00FE155F /* Vendor */ = {
			isa = PBXGroup;
			children = (
			);
			path = Vendor;
			sourceTree = "<group>";
		};
		BEB37DB81EA761C200FE155F /* Util */ = {
			isa = PBXGroup;
			children = (
				BEB37DC51EA7637C00FE155F /* ScrollDisplay */,
				BEB37DC91EA763E700FE155F /* Category */,
			);
			path = Util;
			sourceTree = "<group>";
		};
		BEB37DB91EA761C600FE155F /* Resource */ = {
			isa = PBXGroup;
			children = (
				BEB37DA61EA760C200FE155F /* Main.storyboard */,
				BEB37DA91EA760C200FE155F /* Assets.xcassets */,
				BEB37DAB1EA760C200FE155F /* LaunchScreen.storyboard */,
				BEB37DC41EA7630B00FE155F /* PrefixHeader.pch */,
			);
			path = Resource;
			sourceTree = "<group>";
		};
		BEB37DBA1EA761CF00FE155F /* NetManager */ = {
			isa = PBXGroup;
			children = (
				BEB37DC11EA762AC00FE155F /* BaseNetManager.h */,
				BEB37DC21EA762AC00FE155F /* BaseNetManager.m */,
			);
			path = NetManager;
			sourceTree = "<group>";
		};
		BEB37DBB1EA761D400FE155F /* Model */ = {
			isa = PBXGroup;
			children = (
				BECCDB791F568ED200F006C2 /* 电台 */,
				BE76E16A1F44250200E28B17 /* 动态 */,
				BE76E16B1F44250200E28B17 /* 我的 */,
				BE76E16C1F44250200E28B17 /* 音乐 */,
				BEB37DBE1EA7627A00FE155F /* BaseModel.h */,
				BEB37DBF1EA7627A00FE155F /* BaseModel.m */,
			);
			path = Model;
			sourceTree = "<group>";
		};
		BEB37DBC1EA761DD00FE155F /* Define */ = {
			isa = PBXGroup;
			children = (
				BEB37DBD1EA7623400FE155F /* Constants.h */,
			);
			path = Define;
			sourceTree = "<group>";
		};
		BEB37DC51EA7637C00FE155F /* ScrollDisplay */ = {
			isa = PBXGroup;
			children = (
				BEB37DC61EA763A900FE155F /* ScrollDisplayViewController.h */,
				BEB37DC71EA763A900FE155F /* ScrollDisplayViewController.m */,
			);
			path = ScrollDisplay;
			sourceTree = "<group>";
		};
		BEB37DC91EA763E700FE155F /* Category */ = {
			isa = PBXGroup;
			children = (
				BE0514691EBC3309005A90B5 /* AppDelegate+Category.h */,
				BE05146A1EBC3309005A90B5 /* AppDelegate+Category.m */,
				BE05145C1EBC30D2005A90B5 /* NSObject+Common.h */,
				BE05145D1EBC30D2005A90B5 /* NSObject+Common.m */,
				BE05145E1EBC30D2005A90B5 /* NSString+PJR.h */,
				BE05145F1EBC30D2005A90B5 /* NSString+PJR.m */,
				BE0514601EBC30D2005A90B5 /* NSString+QRCode.h */,
				BE0514611EBC30D2005A90B5 /* NSString+QRCode.m */,
			);
			path = Category;
			sourceTree = "<group>";
		};
		BECCDB791F568ED200F006C2 /* 电台 */ = {
			isa = PBXGroup;
			children = (
				BECCDB961F56BF7600F006C2 /* SceneModel.h */,
				BECCDB971F56BF7600F006C2 /* SceneModel.m */,
			);
			path = "电台";
			sourceTree = "<group>";
		};
		BECCDB7A1F568EDE00F006C2 /* 电台 */ = {
			isa = PBXGroup;
			children = (
				BECCDB991F57A45000F006C2 /* RadioViewController.h */,
				BECCDB9A1F57A45000F006C2 /* RadioViewController.m */,
			);
			path = "电台";
			sourceTree = "<group>";
		};
		BECCDB7B1F568EE500F006C2 /* 电台 */ = {
			isa = PBXGroup;
			children = (
				BECCDB8D1F56B41C00F006C2 /* RadioCategoryCell.h */,
				BECCDB8E1F56B41C00F006C2 /* RadioCategoryCell.m */,
				BECCDB901F56B72200F006C2 /* RadioCell.h */,
				BECCDB911F56B72200F006C2 /* RadioCell.m */,
				BECCDB931F56BA5600F006C2 /* RadioLayout.h */,
				BECCDB941F56BA5600F006C2 /* RadioLayout.m */,
			);
			path = "电台";
			sourceTree = "<group>";
		};
		BECCDB9C1F57DBF500F006C2 /* pictures */ = {
			isa = PBXGroup;
			children = (
				BECCDB9D1F57DBF600F006C2 /* bangwan.jpg */,
				BECCDB9E1F57DBF600F006C2 /* dunmatong.jpg */,
				BECCDB9F1F57DBF600F006C2 /* fangsong.jpg */,
				BECCDBA01F57DBF600F006C2 /* gaisidenaozhong.jpg */,
				BECCDBA11F57DBF600F006C2 /* gongzuo.jpg */,
				BECCDBA21F57DBF600F006C2 /* houche.jpg */,
				BECCDBA31F57DBF600F006C2 /* houji.jpg */,
				BECCDBA41F57DBF600F006C2 /* juhui.jpg */,
				BECCDBA51F57DBF600F006C2 /* kafeishiguang.jpg */,
				BECCDBA61F57DBF600F006C2 /* kaiche.jpg */,
				BECCDBA71F57DBF600F006C2 /* laichuang.jpg */,
				BECCDBA81F57DBF600F006C2 /* lanlandexinglai.jpg */,
				BECCDBA91F57DBF600F006C2 /* qichuang.jpg */,
				BECCDBAA1F57DBF600F006C2 /* qingchen.jpg */,
				BECCDBAB1F57DBF600F006C2 /* qinzishiguang.jpg */,
				BECCDBAC1F57DBF600F006C2 /* shangwang.jpg */,
				BECCDBAD1F57DBF600F006C2 /* shuimian.jpg */,
				BECCDBAE1F57DBF600F006C2 /* wuhou.jpg */,
				BECCDBAF1F57DBF600F006C2 /* xuexi.jpg */,
				BECCDBB01F57DBF600F006C2 /* yigeren.jpg */,
				BECCDBB11F57DBF600F006C2 /* yujia.jpg */,
				BECCDBB21F57DBF600F006C2 /* yundong.jpg */,
				BECCDBB31F57DBF600F006C2 /* zailushang.jpg */,
				BECCDBB41F57DBF600F006C2 /* zhai.jpg */,
				BECCDBB51F57DBF600F006C2 /* zuojiawu.jpg */,
			);
			path = pictures;
			sourceTree = "<group>";
		};
/* End PBXGroup section */

/* Begin PBXNativeTarget section */
		BEB37D991EA760C200FE155F /* MyProject */ = {
			isa = PBXNativeTarget;
			buildConfigurationList = BEB37DB11EA760C200FE155F /* Build configuration list for PBXNativeTarget "MyProject" */;
			buildPhases = (
				865BE1D2BFA56FEAF160B022 /* [CP] Check Pods Manifest.lock */,
				BEB37D961EA760C200FE155F /* Sources */,
				BEB37D971EA760C200FE155F /* Frameworks */,
				BEB37D981EA760C200FE155F /* Resources */,
				BFC57BF7649657B46EDBF341 /* [CP] Embed Pods Frameworks */,
				95535A60D9CD564744720E70 /* [CP] Copy Pods Resources */,
			);
			buildRules = (
			);
			dependencies = (
			);
			name = MyProject;
			productName = MyProject;
			productReference = BEB37D9A1EA760C200FE155F /* MyProject.app */;
			productType = "com.apple.product-type.application";
		};
/* End PBXNativeTarget section */

/* Begin PBXProject section */
		BEB37D921EA760C200FE155F /* Project object */ = {
			isa = PBXProject;
			attributes = {
				LastUpgradeCheck = 0830;
				ORGANIZATIONNAME = will;
				TargetAttributes = {
					BEB37D991EA760C200FE155F = {
						CreatedOnToolsVersion = 8.3.1;
						DevelopmentTeam = RY6LLVSEC8;
						ProvisioningStyle = Automatic;
					};
				};
			};
			buildConfigurationList = BEB37D951EA760C200FE155F /* Build configuration list for PBXProject "MyProject" */;
			compatibilityVersion = "Xcode 3.2";
			developmentRegion = English;
			hasScannedForEncodings = 0;
			knownRegions = (
				en,
				Base,
			);
			mainGroup = BEB37D911EA760C200FE155F;
			productRefGroup = BEB37D9B1EA760C200FE155F /* Products */;
			projectDirPath = "";
			projectRoot = "";
			targets = (
				BEB37D991EA760C200FE155F /* MyProject */,
			);
		};
/* End PBXProject section */

/* Begin PBXResourcesBuildPhase section */
		BEB37D981EA760C200FE155F /* Resources */ = {
			isa = PBXResourcesBuildPhase;
			buildActionMask = 2147483647;
			files = (
				BECCDBC41F57DBF600F006C2 /* qinzishiguang.jpg in Resources */,
				BE106B7E1F4AC93000562C69 /* MyKSong.xib in Resources */,
				BECCDBCC1F57DBF600F006C2 /* zailushang.jpg in Resources */,
				BECCDBB71F57DBF600F006C2 /* dunmatong.jpg in Resources */,
				BEB37DAD1EA760C200FE155F /* LaunchScreen.storyboard in Resources */,
				BECCDBBE1F57DBF600F006C2 /* kafeishiguang.jpg in Resources */,
				BECCDBC61F57DBF600F006C2 /* shuimian.jpg in Resources */,
				BEB37DAA1EA760C200FE155F /* Assets.xcassets in Resources */,
				BE106B801F4ACD1800562C69 /* KSongCategory.xib in Resources */,
				BECCDB571F4D780500F006C2 /* ItemCell.xib in Resources */,
				BECCDBCA1F57DBF600F006C2 /* yujia.jpg in Resources */,
				BECCDBCE1F57DBF600F006C2 /* zuojiawu.jpg in Resources */,
				BEB37DA81EA760C200FE155F /* Main.storyboard in Resources */,
				BECCDBC81F57DBF600F006C2 /* xuexi.jpg in Resources */,
				BECCDB4D1F4D191B00F006C2 /* NormalOptionCell.xib in Resources */,
				BE106B8F1F4AD2B900562C69 /* SingNumberCell.xib in Resources */,
				BECCDBC91F57DBF600F006C2 /* yigeren.jpg in Resources */,
				BECCDBBB1F57DBF600F006C2 /* houche.jpg in Resources */,
				BECCDBCB1F57DBF600F006C2 /* yundong.jpg in Resources */,
				BECCDBBA1F57DBF600F006C2 /* gongzuo.jpg in Resources */,
				BECCDB521F4D33F300F006C2 /* SectionHeaderView.xib in Resources */,
				BECCDBC11F57DBF600F006C2 /* lanlandexinglai.jpg in Resources */,
				BECCDBC31F57DBF600F006C2 /* qingchen.jpg in Resources */,
				BECCDBB81F57DBF600F006C2 /* fangsong.jpg in Resources */,
				BECCDBBD1F57DBF600F006C2 /* juhui.jpg in Resources */,
				BE106B871F4AD1D600562C69 /* TopAdCell.xib in Resources */,
				BECCDBBF1F57DBF600F006C2 /* kaiche.jpg in Resources */,
				BECCDBB91F57DBF600F006C2 /* gaisidenaozhong.jpg in Resources */,
				BECCDBC71F57DBF600F006C2 /* wuhou.jpg in Resources */,
				BECCDBC01F57DBF600F006C2 /* laichuang.jpg in Resources */,
				BECCDBC51F57DBF600F006C2 /* shangwang.jpg in Resources */,
				BECCDBC21F57DBF600F006C2 /* qichuang.jpg in Resources */,
				BECCDBCD1F57DBF600F006C2 /* zhai.jpg in Resources */,
				BE106B821F4AD0A400562C69 /* KSongSectionHeader.xib in Resources */,
				BECCDBBC1F57DBF600F006C2 /* houji.jpg in Resources */,
				BECCDBB61F57DBF600F006C2 /* bangwan.jpg in Resources */,
				BECCDB7D1F568F2A00F006C2 /* scene.plist in Resources */,
			);
			runOnlyForDeploymentPostprocessing = 0;
		};
/* End PBXResourcesBuildPhase section */

/* Begin PBXShellScriptBuildPhase section */
		865BE1D2BFA56FEAF160B022 /* [CP] Check Pods Manifest.lock */ = {
			isa = PBXShellScriptBuildPhase;
			buildActionMask = 2147483647;
			files = (
			);
			inputPaths = (
			);
			name = "[CP] Check Pods Manifest.lock";
			outputPaths = (
			);
			runOnlyForDeploymentPostprocessing = 0;
			shellPath = /bin/sh;
			shellScript = "diff \"${PODS_ROOT}/../Podfile.lock\" \"${PODS_ROOT}/Manifest.lock\" > /dev/null\nif [ $? != 0 ] ; then\n    # print error to STDERR\n    echo \"error: The sandbox is not in sync with the Podfile.lock. Run 'pod install' or update your CocoaPods installation.\" >&2\n    exit 1\nfi\n";
			showEnvVarsInLog = 0;
		};
		95535A60D9CD564744720E70 /* [CP] Copy Pods Resources */ = {
			isa = PBXShellScriptBuildPhase;
			buildActionMask = 2147483647;
			files = (
			);
			inputPaths = (
			);
			name = "[CP] Copy Pods Resources";
			outputPaths = (
			);
			runOnlyForDeploymentPostprocessing = 0;
			shellPath = /bin/sh;
			shellScript = "\"${SRCROOT}/Pods/Target Support Files/Pods-MyProject/Pods-MyProject-resources.sh\"\n";
			showEnvVarsInLog = 0;
		};
		BFC57BF7649657B46EDBF341 /* [CP] Embed Pods Frameworks */ = {
			isa = PBXShellScriptBuildPhase;
			buildActionMask = 2147483647;
			files = (
			);
			inputPaths = (
			);
			name = "[CP] Embed Pods Frameworks";
			outputPaths = (
			);
			runOnlyForDeploymentPostprocessing = 0;
			shellPath = /bin/sh;
			shellScript = "\"${SRCROOT}/Pods/Target Support Files/Pods-MyProject/Pods-MyProject-frameworks.sh\"\n";
			showEnvVarsInLog = 0;
		};
/* End PBXShellScriptBuildPhase section */

/* Begin PBXSourcesBuildPhase section */
		BEB37D961EA760C200FE155F /* Sources */ = {
			isa = PBXSourcesBuildPhase;
			buildActionMask = 2147483647;
			files = (
				BECCDB451F4C309300F006C2 /* RecommendationViewController.m in Sources */,
				BEB37DC31EA762AC00FE155F /* BaseNetManager.m in Sources */,
				BE76E18A1F442C9F00E28B17 /* MusicMenuViewController.m in Sources */,
				BECCDB4C1F4D191B00F006C2 /* NormalOptionCell.m in Sources */,
				BE76E1BA1F4593F600E28B17 /* KingSectionHeaderView.m in Sources */,
				BE106B8E1F4AD2B900562C69 /* SingNumberCell.m in Sources */,
				BEB37E651EADF37A00FE155F /* BaseViewModel.m in Sources */,
				BE106B921F4AD63800562C69 /* KSongViewController.m in Sources */,
				BE106B861F4AD1D600562C69 /* TopAdCell.m in Sources */,
				BECCDB921F56B72200F006C2 /* RadioCell.m in Sources */,
				BECCDB981F56BF7600F006C2 /* SceneModel.m in Sources */,
				BE76E19E1F442E8100E28B17 /* TopNavigationController.m in Sources */,
				BECCDB951F56BA5600F006C2 /* RadioLayout.m in Sources */,
				BE106B7C1F4AC6F800562C69 /* SongListViewController.m in Sources */,
				BEB37E4C1EA8A8D000FE155F /* ViewController.m in Sources */,
				BEB37DA21EA760C200FE155F /* AppDelegate.m in Sources */,
				BECCDB511F4D33F300F006C2 /* SectionHeaderView.m in Sources */,
				BECCDB8F1F56B41C00F006C2 /* RadioCategoryCell.m in Sources */,
				BE0514631EBC30D2005A90B5 /* NSObject+Common.m in Sources */,
				BECCDB421F4C2D7500F006C2 /* AdCell.m in Sources */,
				BE76E1B11F453A3200E28B17 /* ChartsDetailCell.m in Sources */,
				BE76E1B41F45462900E28B17 /* ChartsDetailViewController.m in Sources */,
				BE0514651EBC30D2005A90B5 /* NSString+QRCode.m in Sources */,
				BE05146B1EBC3309005A90B5 /* AppDelegate+Category.m in Sources */,
				BECCDB561F4D780500F006C2 /* ItemCell.m in Sources */,
				BE76E19B1F442E6900E28B17 /* TopMenuViewController.m in Sources */,
				BE76E1C01F46C8D200E28B17 /* SongListLayout.m in Sources */,
				BEB37DC01EA7627A00FE155F /* BaseModel.m in Sources */,
				BE76E1BD1F46C20400E28B17 /* SongListCell.m in Sources */,
				BE76E1AE1F444C7F00E28B17 /* ChartsViewController.m in Sources */,
				BEB37DC81EA763A900FE155F /* ScrollDisplayViewController.m in Sources */,
				BECCDB9B1F57A45000F006C2 /* RadioViewController.m in Sources */,
				BE76E1AB1F4442F100E28B17 /* ChartsCell.m in Sources */,
				BEB37D9F1EA760C200FE155F /* main.m in Sources */,
				BE76E1A11F442E9100E28B17 /* MainViewController.m in Sources */,
				BE76E1B71F4593E000E28B17 /* NormalSectionHeaderView.m in Sources */,
				BE0514641EBC30D2005A90B5 /* NSString+PJR.m in Sources */,
			);
			runOnlyForDeploymentPostprocessing = 0;
		};
/* End PBXSourcesBuildPhase section */

/* Begin PBXVariantGroup section */
		BEB37DA61EA760C200FE155F /* Main.storyboard */ = {
			isa = PBXVariantGroup;
			children = (
				BEB37DA71EA760C200FE155F /* Base */,
				BEB37E961EAF410200FE155F /* zh-Hans */,
			);
			name = Main.storyboard;
			path = ..;
			sourceTree = "<group>";
		};
		BEB37DAB1EA760C200FE155F /* LaunchScreen.storyboard */ = {
			isa = PBXVariantGroup;
			children = (
				BEB37DAC1EA760C200FE155F /* Base */,
				BEB37E971EAF410200FE155F /* zh-Hans */,
			);
			name = LaunchScreen.storyboard;
			path = ..;
			sourceTree = "<group>";
		};
/* End PBXVariantGroup section */

/* Begin XCBuildConfiguration section */
		BEB37DAF1EA760C200FE155F /* Debug */ = {
			isa = XCBuildConfiguration;
			buildSettings = {
				ALWAYS_SEARCH_USER_PATHS = NO;
				CLANG_ANALYZER_LOCALIZABILITY_NONLOCALIZED = YES;
				CLANG_ANALYZER_NONNULL = YES;
				CLANG_ANALYZER_NUMBER_OBJECT_CONVERSION = YES_AGGRESSIVE;
				CLANG_CXX_LANGUAGE_STANDARD = "gnu++0x";
				CLANG_CXX_LIBRARY = "libc++";
				CLANG_ENABLE_MODULES = YES;
				CLANG_ENABLE_OBJC_ARC = YES;
				CLANG_WARN_BOOL_CONVERSION = YES;
				CLANG_WARN_CONSTANT_CONVERSION = YES;
				CLANG_WARN_DIRECT_OBJC_ISA_USAGE = YES_ERROR;
				CLANG_WARN_DOCUMENTATION_COMMENTS = YES;
				CLANG_WARN_EMPTY_BODY = YES;
				CLANG_WARN_ENUM_CONVERSION = YES;
				CLANG_WARN_INFINITE_RECURSION = YES;
				CLANG_WARN_INT_CONVERSION = YES;
				CLANG_WARN_OBJC_ROOT_CLASS = YES_ERROR;
				CLANG_WARN_SUSPICIOUS_MOVE = YES;
				CLANG_WARN_UNREACHABLE_CODE = YES;
				CLANG_WARN__DUPLICATE_METHOD_MATCH = YES;
				"CODE_SIGN_IDENTITY[sdk=iphoneos*]" = "iPhone Developer";
				COPY_PHASE_STRIP = NO;
				DEBUG_INFORMATION_FORMAT = dwarf;
				ENABLE_STRICT_OBJC_MSGSEND = YES;
				ENABLE_TESTABILITY = YES;
				GCC_C_LANGUAGE_STANDARD = gnu99;
				GCC_DYNAMIC_NO_PIC = NO;
				GCC_NO_COMMON_BLOCKS = YES;
				GCC_OPTIMIZATION_LEVEL = 0;
				GCC_PREPROCESSOR_DEFINITIONS = (
					"DEBUG=1",
					"$(inherited)",
				);
				GCC_WARN_64_TO_32_BIT_CONVERSION = YES;
				GCC_WARN_ABOUT_RETURN_TYPE = YES_ERROR;
				GCC_WARN_UNDECLARED_SELECTOR = YES;
				GCC_WARN_UNINITIALIZED_AUTOS = YES_AGGRESSIVE;
				GCC_WARN_UNUSED_FUNCTION = YES;
				GCC_WARN_UNUSED_VARIABLE = YES;
				IPHONEOS_DEPLOYMENT_TARGET = 10.3;
				MTL_ENABLE_DEBUG_INFO = YES;
				ONLY_ACTIVE_ARCH = YES;
				SDKROOT = iphoneos;
			};
			name = Debug;
		};
		BEB37DB01EA760C200FE155F /* Release */ = {
			isa = XCBuildConfiguration;
			buildSettings = {
				ALWAYS_SEARCH_USER_PATHS = NO;
				CLANG_ANALYZER_LOCALIZABILITY_NONLOCALIZED = YES;
				CLANG_ANALYZER_NONNULL = YES;
				CLANG_ANALYZER_NUMBER_OBJECT_CONVERSION = YES_AGGRESSIVE;
				CLANG_CXX_LANGUAGE_STANDARD = "gnu++0x";
				CLANG_CXX_LIBRARY = "libc++";
				CLANG_ENABLE_MODULES = YES;
				CLANG_ENABLE_OBJC_ARC = YES;
				CLANG_WARN_BOOL_CONVERSION = YES;
				CLANG_WARN_CONSTANT_CONVERSION = YES;
				CLANG_WARN_DIRECT_OBJC_ISA_USAGE = YES_ERROR;
				CLANG_WARN_DOCUMENTATION_COMMENTS = YES;
				CLANG_WARN_EMPTY_BODY = YES;
				CLANG_WARN_ENUM_CONVERSION = YES;
				CLANG_WARN_INFINITE_RECURSION = YES;
				CLANG_WARN_INT_CONVERSION = YES;
				CLANG_WARN_OBJC_ROOT_CLASS = YES_ERROR;
				CLANG_WARN_SUSPICIOUS_MOVE = YES;
				CLANG_WARN_UNREACHABLE_CODE = YES;
				CLANG_WARN__DUPLICATE_METHOD_MATCH = YES;
				"CODE_SIGN_IDENTITY[sdk=iphoneos*]" = "iPhone Developer";
				COPY_PHASE_STRIP = NO;
				DEBUG_INFORMATION_FORMAT = "dwarf-with-dsym";
				ENABLE_NS_ASSERTIONS = NO;
				ENABLE_STRICT_OBJC_MSGSEND = YES;
				GCC_C_LANGUAGE_STANDARD = gnu99;
				GCC_NO_COMMON_BLOCKS = YES;
				GCC_WARN_64_TO_32_BIT_CONVERSION = YES;
				GCC_WARN_ABOUT_RETURN_TYPE = YES_ERROR;
				GCC_WARN_UNDECLARED_SELECTOR = YES;
				GCC_WARN_UNINITIALIZED_AUTOS = YES_AGGRESSIVE;
				GCC_WARN_UNUSED_FUNCTION = YES;
				GCC_WARN_UNUSED_VARIABLE = YES;
				IPHONEOS_DEPLOYMENT_TARGET = 10.3;
				MTL_ENABLE_DEBUG_INFO = NO;
				SDKROOT = iphoneos;
				VALIDATE_PRODUCT = YES;
			};
			name = Release;
		};
		BEB37DB21EA760C200FE155F /* Debug */ = {
			isa = XCBuildConfiguration;
			baseConfigurationReference = 7BC8A589A3619F435457CCB6 /* Pods-MyProject.debug.xcconfig */;
			buildSettings = {
				ASSETCATALOG_COMPILER_APPICON_NAME = AppIcon;
				ASSETCATALOG_COMPILER_LAUNCHIMAGE_NAME = LaunchImage;
				DEVELOPMENT_TEAM = RY6LLVSEC8;
				GCC_PRECOMPILE_PREFIX_HEADER = YES;
				GCC_PREFIX_HEADER = MyProject/Resource/PrefixHeader.pch;
				INFOPLIST_FILE = MyProject/Info.plist;
				LD_RUNPATH_SEARCH_PATHS = "$(inherited) @executable_path/Frameworks";
				PRODUCT_BUNDLE_IDENTIFIER = com.will.MyProject;
				PRODUCT_NAME = "$(TARGET_NAME)";
			};
			name = Debug;
		};
		BEB37DB31EA760C200FE155F /* Release */ = {
			isa = XCBuildConfiguration;
			baseConfigurationReference = B7135650771331DC04E72018 /* Pods-MyProject.release.xcconfig */;
			buildSettings = {
				ASSETCATALOG_COMPILER_APPICON_NAME = AppIcon;
				ASSETCATALOG_COMPILER_LAUNCHIMAGE_NAME = LaunchImage;
				DEVELOPMENT_TEAM = RY6LLVSEC8;
				GCC_PRECOMPILE_PREFIX_HEADER = YES;
				GCC_PREFIX_HEADER = MyProject/Resource/PrefixHeader.pch;
				INFOPLIST_FILE = MyProject/Info.plist;
				LD_RUNPATH_SEARCH_PATHS = "$(inherited) @executable_path/Frameworks";
				PRODUCT_BUNDLE_IDENTIFIER = com.will.MyProject;
				PRODUCT_NAME = "$(TARGET_NAME)";
			};
			name = Release;
		};
/* End XCBuildConfiguration section */

/* Begin XCConfigurationList section */
		BEB37D951EA760C200FE155F /* Build configuration list for PBXProject "MyProject" */ = {
			isa = XCConfigurationList;
			buildConfigurations = (
				BEB37DAF1EA760C200FE155F /* Debug */,
				BEB37DB01EA760C200FE155F /* Release */,
			);
			defaultConfigurationIsVisible = 0;
			defaultConfigurationName = Release;
		};
		BEB37DB11EA760C200FE155F /* Build configuration list for PBXNativeTarget "MyProject" */ = {
			isa = XCConfigurationList;
			buildConfigurations = (
				BEB37DB21EA760C200FE155F /* Debug */,
				BEB37DB31EA760C200FE155F /* Release */,
			);
			defaultConfigurationIsVisible = 0;
			defaultConfigurationName = Release;
		};
/* End XCConfigurationList section */
	};
	rootObject = BEB37D921EA760C200FE155F /* Project object */;
}
